// !$*UTF8*$!
{
	archiveVersion = 1;
	classes = {
	};
	objectVersion = 56;
	objects = {

/* Begin PBXBuildFile section */
		571D0B812C4402C000AA1178 /* AppDelegate.swift in Sources */ = {isa = PBXBuildFile; fileRef = 571D0B802C4402C000AA1178 /* AppDelegate.swift */; };
		571D0B832C4402C000AA1178 /* SceneDelegate.swift in Sources */ = {isa = PBXBuildFile; fileRef = 571D0B822C4402C000AA1178 /* SceneDelegate.swift */; };
		571D0B852C4402C000AA1178 /* ViewController.swift in Sources */ = {isa = PBXBuildFile; fileRef = 571D0B842C4402C000AA1178 /* ViewController.swift */; };
		571D0B882C4402C000AA1178 /* Base in Resources */ = {isa = PBXBuildFile; fileRef = 571D0B872C4402C000AA1178 /* Base */; };
		571D0B8A2C4402C200AA1178 /* Assets.xcassets in Resources */ = {isa = PBXBuildFile; fileRef = 571D0B892C4402C200AA1178 /* Assets.xcassets */; };
		571D0B8D2C4402C200AA1178 /* Base in Resources */ = {isa = PBXBuildFile; fileRef = 571D0B8C2C4402C200AA1178 /* Base */; };
		571D0B982C4402C200AA1178 /* bet_raveTests.swift in Sources */ = {isa = PBXBuildFile; fileRef = 571D0B972C4402C200AA1178 /* bet_raveTests.swift */; };
		571D0BA22C4402C200AA1178 /* bet_raveUITests.swift in Sources */ = {isa = PBXBuildFile; fileRef = 571D0BA12C4402C200AA1178 /* bet_raveUITests.swift */; };
		571D0BA42C4402C200AA1178 /* bet_raveUITestsLaunchTests.swift in Sources */ = {isa = PBXBuildFile; fileRef = 571D0BA32C4402C200AA1178 /* bet_raveUITestsLaunchTests.swift */; };
/* End PBXBuildFile section */

/* Begin PBXContainerItemProxy section */
		571D0B942C4402C200AA1178 /* PBXContainerItemProxy */ = {
			isa = PBXContainerItemProxy;
			containerPortal = 571D0B752C4402C000AA1178 /* Project object */;
			proxyType = 1;
			remoteGlobalIDString = 571D0B7C2C4402C000AA1178;
			remoteInfo = "bet-rave";
		};
		571D0B9E2C4402C200AA1178 /* PBXContainerItemProxy */ = {
			isa = PBXContainerItemProxy;
			containerPortal = 571D0B752C4402C000AA1178 /* Project object */;
			proxyType = 1;
			remoteGlobalIDString = 571D0B7C2C4402C000AA1178;
			remoteInfo = "bet-rave";
		};
/* End PBXContainerItemProxy section */

/* Begin PBXFileReference section */
		571D0B7D2C4402C000AA1178 /* bet-rave.app */ = {isa = PBXFileReference; explicitFileType = wrapper.application; includeInIndex = 0; path = "bet-rave.app"; sourceTree = BUILT_PRODUCTS_DIR; };
		571D0B802C4402C000AA1178 /* AppDelegate.swift */ = {isa = PBXFileReference; lastKnownFileType = sourcecode.swift; path = AppDelegate.swift; sourceTree = "<group>"; };
		571D0B822C4402C000AA1178 /* SceneDelegate.swift */ = {isa = PBXFileReference; lastKnownFileType = sourcecode.swift; path = SceneDelegate.swift; sourceTree = "<group>"; };
		571D0B842C4402C000AA1178 /* ViewController.swift */ = {isa = PBXFileReference; lastKnownFileType = sourcecode.swift; path = ViewController.swift; sourceTree = "<group>"; };
		571D0B872C4402C000AA1178 /* Base */ = {isa = PBXFileReference; lastKnownFileType = file.storyboard; name = Base; path = Base.lproj/Main.storyboard; sourceTree = "<group>"; };
		571D0B892C4402C200AA1178 /* Assets.xcassets */ = {isa = PBXFileReference; lastKnownFileType = folder.assetcatalog; path = Assets.xcassets; sourceTree = "<group>"; };
		571D0B8C2C4402C200AA1178 /* Base */ = {isa = PBXFileReference; lastKnownFileType = file.storyboard; name = Base; path = Base.lproj/LaunchScreen.storyboard; sourceTree = "<group>"; };
		571D0B8E2C4402C200AA1178 /* Info.plist */ = {isa = PBXFileReference; lastKnownFileType = text.plist.xml; path = Info.plist; sourceTree = "<group>"; };
		571D0B932C4402C200AA1178 /* bet-raveTests.xctest */ = {isa = PBXFileReference; explicitFileType = wrapper.cfbundle; includeInIndex = 0; path = "bet-raveTests.xctest"; sourceTree = BUILT_PRODUCTS_DIR; };
		571D0B972C4402C200AA1178 /* bet_raveTests.swift */ = {isa = PBXFileReference; lastKnownFileType = sourcecode.swift; path = bet_raveTests.swift; sourceTree = "<group>"; };
		571D0B9D2C4402C200AA1178 /* bet-raveUITests.xctest */ = {isa = PBXFileReference; explicitFileType = wrapper.cfbundle; includeInIndex = 0; path = "bet-raveUITests.xctest"; sourceTree = BUILT_PRODUCTS_DIR; };
		571D0BA12C4402C200AA1178 /* bet_raveUITests.swift */ = {isa = PBXFileReference; lastKnownFileType = sourcecode.swift; path = bet_raveUITests.swift; sourceTree = "<group>"; };
		571D0BA32C4402C200AA1178 /* bet_raveUITestsLaunchTests.swift */ = {isa = PBXFileReference; lastKnownFileType = sourcecode.swift; path = bet_raveUITestsLaunchTests.swift; sourceTree = "<group>"; };
/* End PBXFileReference section */

/* Begin PBXFrameworksBuildPhase section */
		571D0B7A2C4402C000AA1178 /* Frameworks */ = {
			isa = PBXFrameworksBuildPhase;
			buildActionMask = 2147483647;
			files = (
			);
			runOnlyForDeploymentPostprocessing = 0;
		};
		571D0B902C4402C200AA1178 /* Frameworks */ = {
			isa = PBXFrameworksBuildPhase;
			buildActionMask = 2147483647;
			files = (
			);
			runOnlyForDeploymentPostprocessing = 0;
		};
		571D0B9A2C4402C200AA1178 /* Frameworks */ = {
			isa = PBXFrameworksBuildPhase;
			buildActionMask = 2147483647;
			files = (
			);
			runOnlyForDeploymentPostprocessing = 0;
		};
/* End PBXFrameworksBuildPhase section */

/* Begin PBXGroup section */
		571D0B742C4402C000AA1178 = {
			isa = PBXGroup;
			children = (
				571D0B7F2C4402C000AA1178 /* bet-rave */,
				571D0B962C4402C200AA1178 /* bet-raveTests */,
				571D0BA02C4402C200AA1178 /* bet-raveUITests */,
				571D0B7E2C4402C000AA1178 /* Products */,
			);
			sourceTree = "<group>";
		};
		571D0B7E2C4402C000AA1178 /* Products */ = {
			isa = PBXGroup;
			children = (
				571D0B7D2C4402C000AA1178 /* bet-rave.app */,
				571D0B932C4402C200AA1178 /* bet-raveTests.xctest */,
				571D0B9D2C4402C200AA1178 /* bet-raveUITests.xctest */,
			);
			name = Products;
			sourceTree = "<group>";
		};
		571D0B7F2C4402C000AA1178 /* bet-rave */ = {
			isa = PBXGroup;
			children = (
				571D0B802C4402C000AA1178 /* AppDelegate.swift */,
				571D0B822C4402C000AA1178 /* SceneDelegate.swift */,
				571D0B842C4402C000AA1178 /* ViewController.swift */,
				571D0B862C4402C000AA1178 /* Main.storyboard */,
				571D0B892C4402C200AA1178 /* Assets.xcassets */,
				571D0B8B2C4402C200AA1178 /* LaunchScreen.storyboard */,
				571D0B8E2C4402C200AA1178 /* Info.plist */,
			);
			path = "bet-rave";
			sourceTree = "<group>";
		};
		571D0B962C4402C200AA1178 /* bet-raveTests */ = {
			isa = PBXGroup;
			children = (
				571D0B972C4402C200AA1178 /* bet_raveTests.swift */,
			);
			path = "bet-raveTests";
			sourceTree = "<group>";
		};
		571D0BA02C4402C200AA1178 /* bet-raveUITests */ = {
			isa = PBXGroup;
			children = (
				571D0BA12C4402C200AA1178 /* bet_raveUITests.swift */,
				571D0BA32C4402C200AA1178 /* bet_raveUITestsLaunchTests.swift */,
			);
			path = "bet-raveUITests";
			sourceTree = "<group>";
		};
/* End PBXGroup section */

/* Begin PBXNativeTarget section */
		571D0B7C2C4402C000AA1178 /* bet-rave */ = {
			isa = PBXNativeTarget;
			buildConfigurationList = 571D0BA72C4402C200AA1178 /* Build configuration list for PBXNativeTarget "bet-rave" */;
			buildPhases = (
				571D0B792C4402C000AA1178 /* Sources */,
				571D0B7A2C4402C000AA1178 /* Frameworks */,
				571D0B7B2C4402C000AA1178 /* Resources */,
			);
			buildRules = (
			);
			dependencies = (
			);
			name = "bet-rave";
			productName = "bet-rave";
			productReference = 571D0B7D2C4402C000AA1178 /* bet-rave.app */;
			productType = "com.apple.product-type.application";
		};
		571D0B922C4402C200AA1178 /* bet-raveTests */ = {
			isa = PBXNativeTarget;
			buildConfigurationList = 571D0BAA2C4402C200AA1178 /* Build configuration list for PBXNativeTarget "bet-raveTests" */;
			buildPhases = (
				571D0B8F2C4402C200AA1178 /* Sources */,
				571D0B902C4402C200AA1178 /* Frameworks */,
				571D0B912C4402C200AA1178 /* Resources */,
			);
			buildRules = (
			);
			dependencies = (
				571D0B952C4402C200AA1178 /* PBXTargetDependency */,
			);
			name = "bet-raveTests";
			productName = "bet-raveTests";
			productReference = 571D0B932C4402C200AA1178 /* bet-raveTests.xctest */;
			productType = "com.apple.product-type.bundle.unit-test";
		};
		571D0B9C2C4402C200AA1178 /* bet-raveUITests */ = {
			isa = PBXNativeTarget;
			buildConfigurationList = 571D0BAD2C4402C200AA1178 /* Build configuration list for PBXNativeTarget "bet-raveUITests" */;
			buildPhases = (
				571D0B992C4402C200AA1178 /* Sources */,
				571D0B9A2C4402C200AA1178 /* Frameworks */,
				571D0B9B2C4402C200AA1178 /* Resources */,
			);
			buildRules = (
			);
			dependencies = (
				571D0B9F2C4402C200AA1178 /* PBXTargetDependency */,
			);
			name = "bet-raveUITests";
			productName = "bet-raveUITests";
			productReference = 571D0B9D2C4402C200AA1178 /* bet-raveUITests.xctest */;
			productType = "com.apple.product-type.bundle.ui-testing";
		};
/* End PBXNativeTarget section */

/* Begin PBXProject section */
		571D0B752C4402C000AA1178 /* Project object */ = {
			isa = PBXProject;
			attributes = {
				BuildIndependentTargetsInParallel = 1;
				LastSwiftUpdateCheck = 1540;
				LastUpgradeCheck = 1540;
				TargetAttributes = {
					571D0B7C2C4402C000AA1178 = {
						CreatedOnToolsVersion = 15.4;
					};
					571D0B922C4402C200AA1178 = {
						CreatedOnToolsVersion = 15.4;
						TestTargetID = 571D0B7C2C4402C000AA1178;
					};
					571D0B9C2C4402C200AA1178 = {
						CreatedOnToolsVersion = 15.4;
						TestTargetID = 571D0B7C2C4402C000AA1178;
					};
				};
			};
			buildConfigurationList = 571D0B782C4402C000AA1178 /* Build configuration list for PBXProject "bet-rave" */;
			compatibilityVersion = "Xcode 14.0";
			developmentRegion = en;
			hasScannedForEncodings = 0;
			knownRegions = (
				en,
				Base,
			);
			mainGroup = 571D0B742C4402C000AA1178;
			productRefGroup = 571D0B7E2C4402C000AA1178 /* Products */;
			projectDirPath = "";
			projectRoot = "";
			targets = (
				571D0B7C2C4402C000AA1178 /* bet-rave */,
				571D0B922C4402C200AA1178 /* bet-raveTests */,
				571D0B9C2C4402C200AA1178 /* bet-raveUITests */,
			);
		};
/* End PBXProject section */

/* Begin PBXResourcesBuildPhase section */
		571D0B7B2C4402C000AA1178 /* Resources */ = {
			isa = PBXResourcesBuildPhase;
			buildActionMask = 2147483647;
			files = (
				571D0B8A2C4402C200AA1178 /* Assets.xcassets in Resources */,
				571D0B8D2C4402C200AA1178 /* Base in Resources */,
				571D0B882C4402C000AA1178 /* Base in Resources */,
			);
			runOnlyForDeploymentPostprocessing = 0;
		};
		571D0B912C4402C200AA1178 /* Resources */ = {
			isa = PBXResourcesBuildPhase;
			buildActionMask = 2147483647;
			files = (
			);
			runOnlyForDeploymentPostprocessing = 0;
		};
		571D0B9B2C4402C200AA1178 /* Resources */ = {
			isa = PBXResourcesBuildPhase;
			buildActionMask = 2147483647;
			files = (
			);
			runOnlyForDeploymentPostprocessing = 0;
		};
/* End PBXResourcesBuildPhase section */

/* Begin PBXSourcesBuildPhase section */
		571D0B792C4402C000AA1178 /* Sources */ = {
			isa = PBXSourcesBuildPhase;
			buildActionMask = 2147483647;
			files = (
				571D0B852C4402C000AA1178 /* ViewController.swift in Sources */,
				571D0B812C4402C000AA1178 /* AppDelegate.swift in Sources */,
				571D0B832C4402C000AA1178 /* SceneDelegate.swift in Sources */,
			);
			runOnlyForDeploymentPostprocessing = 0;
		};
		571D0B8F2C4402C200AA1178 /* Sources */ = {
			isa = PBXSourcesBuildPhase;
			buildActionMask = 2147483647;
			files = (
				571D0B982C4402C200AA1178 /* bet_raveTests.swift in Sources */,
			);
			runOnlyForDeploymentPostprocessing = 0;
		};
		571D0B992C4402C200AA1178 /* Sources */ = {
			isa = PBXSourcesBuildPhase;
			buildActionMask = 2147483647;
			files = (
				571D0BA42C4402C200AA1178 /* bet_raveUITestsLaunchTests.swift in Sources */,
				571D0BA22C4402C200AA1178 /* bet_raveUITests.swift in Sources */,
			);
			runOnlyForDeploymentPostprocessing = 0;
		};
/* End PBXSourcesBuildPhase section */

/* Begin PBXTargetDependency section */
		571D0B952C4402C200AA1178 /* PBXTargetDependency */ = {
			isa = PBXTargetDependency;
			target = 571D0B7C2C4402C000AA1178 /* bet-rave */;
			targetProxy = 571D0B942C4402C200AA1178 /* PBXContainerItemProxy */;
		};
		571D0B9F2C4402C200AA1178 /* PBXTargetDependency */ = {
			isa = PBXTargetDependency;
			target = 571D0B7C2C4402C000AA1178 /* bet-rave */;
			targetProxy = 571D0B9E2C4402C200AA1178 /* PBXContainerItemProxy */;
		};
/* End PBXTargetDependency section */

/* Begin PBXVariantGroup section */
		571D0B862C4402C000AA1178 /* Main.storyboard */ = {
			isa = PBXVariantGroup;
			children = (
				571D0B872C4402C000AA1178 /* Base */,
			);
			name = Main.storyboard;
			sourceTree = "<group>";
		};
		571D0B8B2C4402C200AA1178 /* LaunchScreen.storyboard */ = {
			isa = PBXVariantGroup;
			children = (
				571D0B8C2C4402C200AA1178 /* Base */,
			);
			name = LaunchScreen.storyboard;
			sourceTree = "<group>";
		};
/* End PBXVariantGroup section */

/* Begin XCBuildConfiguration section */
		571D0BA52C4402C200AA1178 /* Debug */ = {
			isa = XCBuildConfiguration;
			buildSettings = {
				ALWAYS_SEARCH_USER_PATHS = NO;
				ASSETCATALOG_COMPILER_GENERATE_SWIFT_ASSET_SYMBOL_EXTENSIONS = YES;
				CLANG_ANALYZER_NONNULL = YES;
				CLANG_ANALYZER_NUMBER_OBJECT_CONVERSION = YES_AGGRESSIVE;
				CLANG_CXX_LANGUAGE_STANDARD = "gnu++20";
				CLANG_ENABLE_MODULES = YES;
				CLANG_ENABLE_OBJC_ARC = YES;
				CLANG_ENABLE_OBJC_WEAK = YES;
				CLANG_WARN_BLOCK_CAPTURE_AUTORELEASING = YES;
				CLANG_WARN_BOOL_CONVERSION = YES;
				CLANG_WARN_COMMA = YES;
				CLANG_WARN_CONSTANT_CONVERSION = YES;
				CLANG_WARN_DEPRECATED_OBJC_IMPLEMENTATIONS = YES;
				CLANG_WARN_DIRECT_OBJC_ISA_USAGE = YES_ERROR;
				CLANG_WARN_DOCUMENTATION_COMMENTS = YES;
				CLANG_WARN_EMPTY_BODY = YES;
				CLANG_WARN_ENUM_CONVERSION = YES;
				CLANG_WARN_INFINITE_RECURSION = YES;
				CLANG_WARN_INT_CONVERSION = YES;
				CLANG_WARN_NON_LITERAL_NULL_CONVERSION = YES;
				CLANG_WARN_OBJC_IMPLICIT_RETAIN_SELF = YES;
				CLANG_WARN_OBJC_LITERAL_CONVERSION = YES;
				CLANG_WARN_OBJC_ROOT_CLASS = YES_ERROR;
				CLANG_WARN_QUOTED_INCLUDE_IN_FRAMEWORK_HEADER = YES;
				CLANG_WARN_RANGE_LOOP_ANALYSIS = YES;
				CLANG_WARN_STRICT_PROTOTYPES = YES;
				CLANG_WARN_SUSPICIOUS_MOVE = YES;
				CLANG_WARN_UNGUARDED_AVAILABILITY = YES_AGGRESSIVE;
				CLANG_WARN_UNREACHABLE_CODE = YES;
				CLANG_WARN__DUPLICATE_METHOD_MATCH = YES;
				COPY_PHASE_STRIP = NO;
				DEBUG_INFORMATION_FORMAT = dwarf;
				ENABLE_STRICT_OBJC_MSGSEND = YES;
				ENABLE_TESTABILITY = YES;
				ENABLE_USER_SCRIPT_SANDBOXING = YES;
				GCC_C_LANGUAGE_STANDARD = gnu17;
				GCC_DYNAMIC_NO_PIC = NO;
				GCC_NO_COMMON_BLOCKS = YES;
				GCC_OPTIMIZATION_LEVEL = 0;
				GCC_PREPROCESSOR_DEFINITIONS = (
					"DEBUG=1",
					"$(inherited)",
				);
				GCC_WARN_64_TO_32_BIT_CONVERSION = YES;
				GCC_WARN_ABOUT_RETURN_TYPE = YES_ERROR;
				GCC_WARN_UNDECLARED_SELECTOR = YES;
				GCC_WARN_UNINITIALIZED_AUTOS = YES_AGGRESSIVE;
				GCC_WARN_UNUSED_FUNCTION = YES;
				GCC_WARN_UNUSED_VARIABLE = YES;
				IPHONEOS_DEPLOYMENT_TARGET = 17.5;
				LOCALIZATION_PREFERS_STRING_CATALOGS = YES;
				MTL_ENABLE_DEBUG_INFO = INCLUDE_SOURCE;
				MTL_FAST_MATH = YES;
				ONLY_ACTIVE_ARCH = YES;
				SDKROOT = iphoneos;
				SWIFT_ACTIVE_COMPILATION_CONDITIONS = "DEBUG $(inherited)";
				SWIFT_OPTIMIZATION_LEVEL = "-Onone";
			};
			name = Debug;
		};
		571D0BA62C4402C200AA1178 /* Release */ = {
			isa = XCBuildConfiguration;
			buildSettings = {
				ALWAYS_SEARCH_USER_PATHS = NO;
				ASSETCATALOG_COMPILER_GENERATE_SWIFT_ASSET_SYMBOL_EXTENSIONS = YES;
				CLANG_ANALYZER_NONNULL = YES;
				CLANG_ANALYZER_NUMBER_OBJECT_CONVERSION = YES_AGGRESSIVE;
				CLANG_CXX_LANGUAGE_STANDARD = "gnu++20";
				CLANG_ENABLE_MODULES = YES;
				CLANG_ENABLE_OBJC_ARC = YES;
				CLANG_ENABLE_OBJC_WEAK = YES;
				CLANG_WARN_BLOCK_CAPTURE_AUTORELEASING = YES;
				CLANG_WARN_BOOL_CONVERSION = YES;
				CLANG_WARN_COMMA = YES;
				CLANG_WARN_CONSTANT_CONVERSION = YES;
				CLANG_WARN_DEPRECATED_OBJC_IMPLEMENTATIONS = YES;
				CLANG_WARN_DIRECT_OBJC_ISA_USAGE = YES_ERROR;
				CLANG_WARN_DOCUMENTATION_COMMENTS = YES;
				CLANG_WARN_EMPTY_BODY = YES;
				CLANG_WARN_ENUM_CONVERSION = YES;
				CLANG_WARN_INFINITE_RECURSION = YES;
				CLANG_WARN_INT_CONVERSION = YES;
				CLANG_WARN_NON_LITERAL_NULL_CONVERSION = YES;
				CLANG_WARN_OBJC_IMPLICIT_RETAIN_SELF = YES;
				CLANG_WARN_OBJC_LITERAL_CONVERSION = YES;
				CLANG_WARN_OBJC_ROOT_CLASS = YES_ERROR;
				CLANG_WARN_QUOTED_INCLUDE_IN_FRAMEWORK_HEADER = YES;
				CLANG_WARN_RANGE_LOOP_ANALYSIS = YES;
				CLANG_WARN_STRICT_PROTOTYPES = YES;
				CLANG_WARN_SUSPICIOUS_MOVE = YES;
				CLANG_WARN_UNGUARDED_AVAILABILITY = YES_AGGRESSIVE;
				CLANG_WARN_UNREACHABLE_CODE = YES;
				CLANG_WARN__DUPLICATE_METHOD_MATCH = YES;
				COPY_PHASE_STRIP = NO;
				DEBUG_INFORMATION_FORMAT = "dwarf-with-dsym";
				ENABLE_NS_ASSERTIONS = NO;
				ENABLE_STRICT_OBJC_MSGSEND = YES;
				ENABLE_USER_SCRIPT_SANDBOXING = YES;
				GCC_C_LANGUAGE_STANDARD = gnu17;
				GCC_NO_COMMON_BLOCKS = YES;
				GCC_WARN_64_TO_32_BIT_CONVERSION = YES;
				GCC_WARN_ABOUT_RETURN_TYPE = YES_ERROR;
				GCC_WARN_UNDECLARED_SELECTOR = YES;
				GCC_WARN_UNINITIALIZED_AUTOS = YES_AGGRESSIVE;
				GCC_WARN_UNUSED_FUNCTION = YES;
				GCC_WARN_UNUSED_VARIABLE = YES;
				IPHONEOS_DEPLOYMENT_TARGET = 17.5;
				LOCALIZATION_PREFERS_STRING_CATALOGS = YES;
				MTL_ENABLE_DEBUG_INFO = NO;
				MTL_FAST_MATH = YES;
				SDKROOT = iphoneos;
				SWIFT_COMPILATION_MODE = wholemodule;
				VALIDATE_PRODUCT = YES;
			};
			name = Release;
		};
		571D0BA82C4402C200AA1178 /* Debug */ = {
			isa = XCBuildConfiguration;
			buildSettings = {
				ASSETCATALOG_COMPILER_APPICON_NAME = AppIcon;
				ASSETCATALOG_COMPILER_GLOBAL_ACCENT_COLOR_NAME = AccentColor;
				CODE_SIGN_STYLE = Automatic;
				CURRENT_PROJECT_VERSION = 1;
				DEVELOPMENT_TEAM = T8DKX94TR7;
				GENERATE_INFOPLIST_FILE = YES;
				INFOPLIST_FILE = "bet-rave/Info.plist";
				INFOPLIST_KEY_UIApplicationSupportsIndirectInputEvents = YES;
				INFOPLIST_KEY_UILaunchStoryboardName = LaunchScreen;
				INFOPLIST_KEY_UIMainStoryboardFile = Main;
				INFOPLIST_KEY_UISupportedInterfaceOrientations_iPad = "UIInterfaceOrientationPortrait UIInterfaceOrientationPortraitUpsideDown UIInterfaceOrientationLandscapeLeft UIInterfaceOrientationLandscapeRight";
				INFOPLIST_KEY_UISupportedInterfaceOrientations_iPhone = "UIInterfaceOrientationPortrait UIInterfaceOrientationLandscapeLeft UIInterfaceOrientationLandscapeRight";
				LD_RUNPATH_SEARCH_PATHS = (
					"$(inherited)",
					"@executable_path/Frameworks",
				);
				MARKETING_VERSION = 1.0;
				PRODUCT_BUNDLE_IDENTIFIER = "com.chummey.bet-rave";
				PRODUCT_NAME = "$(TARGET_NAME)";
				SWIFT_EMIT_LOC_STRINGS = YES;
				SWIFT_VERSION = 5.0;
				TARGETED_DEVICE_FAMILY = "1,2";
			};
			name = Debug;
		};
		571D0BA92C4402C200AA1178 /* Release */ = {
			isa = XCBuildConfiguration;
			buildSettings = {
				ASSETCATALOG_COMPILER_APPICON_NAME = AppIcon;
				ASSETCATALOG_COMPILER_GLOBAL_ACCENT_COLOR_NAME = AccentColor;
				CODE_SIGN_STYLE = Automatic;
				CURRENT_PROJECT_VERSION = 1;
				DEVELOPMENT_TEAM = T8DKX94TR7;
				GENERATE_INFOPLIST_FILE = YES;
				INFOPLIST_FILE = "bet-rave/Info.plist";
				INFOPLIST_KEY_UIApplicationSupportsIndirectInputEvents = YES;
				INFOPLIST_KEY_UILaunchStoryboardName = LaunchScreen;
				INFOPLIST_KEY_UIMainStoryboardFile = Main;
				INFOPLIST_KEY_UISupportedInterfaceOrientations_iPad = "UIInterfaceOrientationPortrait UIInterfaceOrientationPortraitUpsideDown UIInterfaceOrientationLandscapeLeft UIInterfaceOrientationLandscapeRight";
				INFOPLIST_KEY_UISupportedInterfaceOrientations_iPhone = "UIInterfaceOrientationPortrait UIInterfaceOrientationLandscapeLeft UIInterfaceOrientationLandscapeRight";
				LD_RUNPATH_SEARCH_PATHS = (
					"$(inherited)",
					"@executable_path/Frameworks",
				);
				MARKETING_VERSION = 1.0;
				PRODUCT_BUNDLE_IDENTIFIER = "com.chummey.bet-rave";
				PRODUCT_NAME = "$(TARGET_NAME)";
				SWIFT_EMIT_LOC_STRINGS = YES;
				SWIFT_VERSION = 5.0;
				TARGETED_DEVICE_FAMILY = "1,2";
			};
			name = Release;
		};
		571D0BAB2C4402C200AA1178 /* Debug */ = {
			isa = XCBuildConfiguration;
			buildSettings = {
				ALWAYS_EMBED_SWIFT_STANDARD_LIBRARIES = YES;
				BUNDLE_LOADER = "$(TEST_HOST)";
				CODE_SIGN_STYLE = Automatic;
				CURRENT_PROJECT_VERSION = 1;
				DEVELOPMENT_TEAM = T8DKX94TR7;
				GENERATE_INFOPLIST_FILE = YES;
				IPHONEOS_DEPLOYMENT_TARGET = 17.5;
				MARKETING_VERSION = 1.0;
				PRODUCT_BUNDLE_IDENTIFIER = "com.chummey.bet-raveTests";
				PRODUCT_NAME = "$(TARGET_NAME)";
				SWIFT_EMIT_LOC_STRINGS = NO;
				SWIFT_VERSION = 5.0;
				TARGETED_DEVICE_FAMILY = "1,2";
				TEST_HOST = "$(BUILT_PRODUCTS_DIR)/bet-rave.app/$(BUNDLE_EXECUTABLE_FOLDER_PATH)/bet-rave";
			};
			name = Debug;
		};
		571D0BAC2C4402C200AA1178 /* Release */ = {
			isa = XCBuildConfiguration;
			buildSettings = {
				ALWAYS_EMBED_SWIFT_STANDARD_LIBRARIES = YES;
				BUNDLE_LOADER = "$(TEST_HOST)";
				CODE_SIGN_STYLE = Automatic;
				CURRENT_PROJECT_VERSION = 1;
				DEVELOPMENT_TEAM = T8DKX94TR7;
				GENERATE_INFOPLIST_FILE = YES;
				IPHONEOS_DEPLOYMENT_TARGET = 17.5;
				MARKETING_VERSION = 1.0;
				PRODUCT_BUNDLE_IDENTIFIER = "com.chummey.bet-raveTests";
				PRODUCT_NAME = "$(TARGET_NAME)";
				SWIFT_EMIT_LOC_STRINGS = NO;
				SWIFT_VERSION = 5.0;
				TARGETED_DEVICE_FAMILY = "1,2";
				TEST_HOST = "$(BUILT_PRODUCTS_DIR)/bet-rave.app/$(BUNDLE_EXECUTABLE_FOLDER_PATH)/bet-rave";
			};
			name = Release;
		};
		571D0BAE2C4402C200AA1178 /* Debug */ = {
			isa = XCBuildConfiguration;
			buildSettings = {
				ALWAYS_EMBED_SWIFT_STANDARD_LIBRARIES = YES;
				CODE_SIGN_STYLE = Automatic;
				CURRENT_PROJECT_VERSION = 1;
				DEVELOPMENT_TEAM = T8DKX94TR7;
				GENERATE_INFOPLIST_FILE = YES;
				MARKETING_VERSION = 1.0;
				PRODUCT_BUNDLE_IDENTIFIER = "com.chummey.bet-raveUITests";
				PRODUCT_NAME = "$(TARGET_NAME)";
				SWIFT_EMIT_LOC_STRINGS = NO;
				SWIFT_VERSION = 5.0;
				TARGETED_DEVICE_FAMILY = "1,2";
				TEST_TARGET_NAME = "bet-rave";
			};
			name = Debug;
		};
		571D0BAF2C4402C200AA1178 /* Release */ = {
			isa = XCBuildConfiguration;
			buildSettings = {
				ALWAYS_EMBED_SWIFT_STANDARD_LIBRARIES = YES;
				CODE_SIGN_STYLE = Automatic;
				CURRENT_PROJECT_VERSION = 1;
				DEVELOPMENT_TEAM = T8DKX94TR7;
				GENERATE_INFOPLIST_FILE = YES;
				MARKETING_VERSION = 1.0;
				PRODUCT_BUNDLE_IDENTIFIER = "com.chummey.bet-raveUITests";
				PRODUCT_NAME = "$(TARGET_NAME)";
				SWIFT_EMIT_LOC_STRINGS = NO;
				SWIFT_VERSION = 5.0;
				TARGETED_DEVICE_FAMILY = "1,2";
				TEST_TARGET_NAME = "bet-rave";
			};
			name = Release;
		};
/* End XCBuildConfiguration section */

/* Begin XCConfigurationList section */
		571D0B782C4402C000AA1178 /* Build configuration list for PBXProject "bet-rave" */ = {
			isa = XCConfigurationList;
			buildConfigurations = (
				571D0BA52C4402C200AA1178 /* Debug */,
				571D0BA62C4402C200AA1178 /* Release */,
			);
			defaultConfigurationIsVisible = 0;
			defaultConfigurationName = Release;
		};
		571D0BA72C4402C200AA1178 /* Build configuration list for PBXNativeTarget "bet-rave" */ = {
			isa = XCConfigurationList;
			buildConfigurations = (
				571D0BA82C4402C200AA1178 /* Debug */,
				571D0BA92C4402C200AA1178 /* Release */,
			);
			defaultConfigurationIsVisible = 0;
			defaultConfigurationName = Release;
		};
		571D0BAA2C4402C200AA1178 /* Build configuration list for PBXNativeTarget "bet-raveTests" */ = {
			isa = XCConfigurationList;
			buildConfigurations = (
				571D0BAB2C4402C200AA1178 /* Debug */,
				571D0BAC2C4402C200AA1178 /* Release */,
			);
			defaultConfigurationIsVisible = 0;
			defaultConfigurationName = Release;
		};
		571D0BAD2C4402C200AA1178 /* Build configuration list for PBXNativeTarget "bet-raveUITests" */ = {
			isa = XCConfigurationList;
			buildConfigurations = (
				571D0BAE2C4402C200AA1178 /* Debug */,
				571D0BAF2C4402C200AA1178 /* Release */,
			);
			defaultConfigurationIsVisible = 0;
			defaultConfigurationName = Release;
		};
/* End XCConfigurationList section */
	};
	rootObject = 571D0B752C4402C000AA1178 /* Project object */;
}
